
Microsoft Visual Studio Solution File, Format Version 12.00
# Visual Studio Version 17
VisualStudioVersion = 17.0.32014.148
MinimumVisualStudioVersion = 10.0.40219.1
Project("{FAE04EC0-301F-11D3-BF4B-00C04F79EFBC}") = "DataAccess", "DataAccess\DataAccess.csproj", "{5B81C477-2A67-4820-AD8D-246AD04DC4B7}"
EndProject
Project("{FAE04EC0-301F-11D3-BF4B-00C04F79EFBC}") = "IP App", "IP App\IP App.csproj", "{95A91E25-EF55-4A14-BF10-3961E35CA613}"
EndProject
Global
	GlobalSection(SolutionConfigurationPlatforms) = preSolution
		Debug|Any CPU = Debug|Any CPU
		Release|Any CPU = Release|Any CPU
	EndGlobalSection
	GlobalSection(ProjectConfigurationPlatforms) = postSolution
		{5B81C477-2A67-4820-AD8D-246AD04DC4B7}.Debug|Any CPU.ActiveCfg = Debug|Any CPU
		{5B81C477-2A67-4820-AD8D-246AD04DC4B7}.Debug|Any CPU.Build.0 = Debug|Any CPU
		{5B81C477-2A67-4820-AD8D-246AD04DC4B7}.Release|Any CPU.ActiveCfg = Release|Any CPU
		{5B81C477-2A67-4820-AD8D-246AD04DC4B7}.Release|Any CPU.Build.0 = Release|Any CPU
		{95A91E25-EF55-4A14-BF10-3961E35CA613}.Debug|Any CPU.ActiveCfg = Debug|Any CPU
		{95A91E25-EF55-4A14-BF10-3961E35CA613}.Debug|Any CPU.Build.0 = Debug|Any CPU
		{95A91E25-EF55-4A14-BF10-3961E35CA613}.Release|Any CPU.ActiveCfg = Release|Any CPU
		{95A91E25-EF55-4A14-BF10-3961E35CA613}.Release|Any CPU.Build.0 = Release|Any CPU
	EndGlobalSection
	GlobalSection(SolutionProperties) = preSolution
		HideSolutionNode = FALSE
	EndGlobalSection
	GlobalSection(ExtensibilityGlobals) = postSolution
		SolutionGuid = {4D99DD3E-EF29-432A-A97E-865E15B61DE6}
	EndGlobalSection
EndGlobal
